
Microsoft Visual Studio Solution File, Format Version 12.00
# Visual Studio 15
VisualStudioVersion = 15.0.27703.2042
MinimumVisualStudioVersion = 10.0.40219.1
Project("{9A19103F-16F7-4668-BE54-9A1E7A4F7556}") = "TopSwagCode.WebApi.Identicon", "TopSwagCode.WebApi.Identicon\TopSwagCode.WebApi.Identicon.csproj", "{B7F9C5E3-089A-416F-B977-EC465617E555}"
EndProject
Global
	GlobalSection(SolutionConfigurationPlatforms) = preSolution
		Debug|Any CPU = Debug|Any CPU
		Release|Any CPU = Release|Any CPU
	EndGlobalSection
	GlobalSection(ProjectConfigurationPlatforms) = postSolution
		{B7F9C5E3-089A-416F-B977-EC465617E555}.Debug|Any CPU.ActiveCfg = Debug|Any CPU
		{B7F9C5E3-089A-416F-B977-EC465617E555}.Debug|Any CPU.Build.0 = Debug|Any CPU
		{B7F9C5E3-089A-416F-B977-EC465617E555}.Release|Any CPU.ActiveCfg = Release|Any CPU
		{B7F9C5E3-089A-416F-B977-EC465617E555}.Release|Any CPU.Build.0 = Release|Any CPU
	EndGlobalSection
	GlobalSection(SolutionProperties) = preSolution
		HideSolutionNode = FALSE
	EndGlobalSection
	GlobalSection(ExtensibilityGlobals) = postSolution
		SolutionGuid = {94EE0C8B-9147-4BCE-827E-FE37DE7C0667}
	EndGlobalSection
EndGlobal
